<?xml version="1.0" encoding="utf-8"?>
<Project ToolsVersion="4.0" xmlns="http://schemas.microsoft.com/developer/msbuild/2003">
  <ItemGroup>
    <Filter Include="リソース ファイル">
      <UniqueIdentifier>{67DA6AB6-F800-4c08-8B7A-83BB121AAD01}</UniqueIdentifier>
      <Extensions>rc;ico;cur;bmp;dlg;rc2;rct;bin;rgs;gif;jpg;jpeg;jpe;resx;tiff;tif;png;wav;mfcribbon-ms</Extensions>
    </Filter>
    <Filter Include="Scene">
      <UniqueIdentifier>{2d7f74e5-1894-4735-8f9a-b757a310c779}</UniqueIdentifier>
    </Filter>
    <Filter Include="Object">
      <UniqueIdentifier>{7358b4a8-2cf9-48a7-b0ae-8872e2430573}</UniqueIdentifier>
    </Filter>
    <Filter Include="Object\GameObject">
      <UniqueIdentifier>{f24b4616-b416-4e27-b284-e4af43f43dd7}</UniqueIdentifier>
    </Filter>
    <Filter Include="Object\Component">
      <UniqueIdentifier>{20e54de8-392f-4837-8a39-b2bb28e4e4a2}</UniqueIdentifier>
    </Filter>
    <Filter Include="Object\GameObject\SelectScene">
      <UniqueIdentifier>{1f2a52c5-4665-4024-b202-e06a60806454}</UniqueIdentifier>
    </Filter>
    <Filter Include="Object\GameObject\Player">
      <UniqueIdentifier>{fbac6501-c74a-456c-8ded-3a8d488955fa}</UniqueIdentifier>
    </Filter>
    <Filter Include="Object\GameObject\Player\FSM">
      <UniqueIdentifier>{5ac2aeec-100c-4bde-bbac-30c5c201677b}</UniqueIdentifier>
    </Filter>
  </ItemGroup>
  <ItemGroup>
    <ClInclude Include="Decide.h" />
    <ClInclude Include="GameSystem.h" />
    <ClInclude Include="BattleScene.h">
      <Filter>Scene</Filter>
    </ClInclude>
    <ClInclude Include="Resource.h" />
    <ClInclude Include="GameCamera.h">
      <Filter>Object\GameObject</Filter>
    </ClInclude>
    <ClInclude Include="GameLight.h">
      <Filter>Object\GameObject</Filter>
    </ClInclude>
    <ClInclude Include="Stage.h">
      <Filter>Object\GameObject</Filter>
    </ClInclude>
    <ClInclude Include="DamageCollision.h">
      <Filter>Object\Component</Filter>
    </ClInclude>
    <ClInclude Include="AttackCollision.h">
      <Filter>Object\GameObject</Filter>
    </ClInclude>
    <ClInclude Include="TitleScene.h">
      <Filter>Scene</Filter>
    </ClInclude>
    <ClInclude Include="Item.h">
      <Filter>Object\GameObject</Filter>
    </ClInclude>
    <ClInclude Include="CharaSelectScene.h">
      <Filter>Scene</Filter>
    </ClInclude>
    <ClInclude Include="CharaSelect.h">
      <Filter>Object\GameObject\SelectScene</Filter>
    </ClInclude>
    <ClInclude Include="CharaRingFrame.h">
      <Filter>Object\GameObject\SelectScene</Filter>
    </ClInclude>
    <ClInclude Include="Character.h">
      <Filter>Object\GameObject</Filter>
    </ClInclude>
    <ClInclude Include="ResultScene.h">
      <Filter>Scene</Filter>
    </ClInclude>
    <ClInclude Include="SelectCamera.h">
      <Filter>Object\GameObject\SelectScene</Filter>
    </ClInclude>
    <ClInclude Include="ShowModel.h">
      <Filter>Object\GameObject\SelectScene</Filter>
    </ClInclude>
    <ClInclude Include="GameShadowCamera.h">
      <Filter>Object\GameObject</Filter>
    </ClInclude>
    <ClInclude Include="Sky.h">
      <Filter>Object\GameObject</Filter>
    </ClInclude>
    <ClInclude Include="GameRule.h">
      <Filter>Object\GameObject</Filter>
    </ClInclude>
    <ClInclude Include="Player.h">
      <Filter>Object\GameObject\Player</Filter>
    </ClInclude>
    <ClInclude Include="PlayerParameter.h">
      <Filter>Object\GameObject\Player</Filter>
    </ClInclude>
    <ClInclude Include="FSM\PlayerState.h">
      <Filter>Object\GameObject\Player\FSM</Filter>
    </ClInclude>
    <ClInclude Include="ItemEmitter.h">
      <Filter>Object\GameObject</Filter>
    </ClInclude>
    <ClInclude Include="ItemList.h">
      <Filter>Object\GameObject</Filter>
    </ClInclude>
  </ItemGroup>
  <ItemGroup>
    <ResourceCompile Include="Decide.rc">
      <Filter>リソース ファイル</Filter>
    </ResourceCompile>
  </ItemGroup>
  <ItemGroup>
    <Image Include="small.ico">
      <Filter>リソース ファイル</Filter>
    </Image>
    <Image Include="Decide.ico">
      <Filter>リソース ファイル</Filter>
    </Image>
  </ItemGroup>
  <ItemGroup>
    <ClCompile Include="Decide.cpp" />
    <ClCompile Include="BattleScene.cpp">
      <Filter>Scene</Filter>
    </ClCompile>
    <ClCompile Include="GameCamera.cpp">
      <Filter>Object\GameObject</Filter>
    </ClCompile>
    <ClCompile Include="GameLight.cpp">
      <Filter>Object\GameObject</Filter>
    </ClCompile>
    <ClCompile Include="Stage.cpp">
      <Filter>Object\GameObject</Filter>
    </ClCompile>
    <ClCompile Include="DamageCollision.cpp">
      <Filter>Object\Component</Filter>
    </ClCompile>
    <ClCompile Include="AttackCollision.cpp">
      <Filter>Object\GameObject</Filter>
    </ClCompile>
    <ClCompile Include="TitleScene.cpp">
      <Filter>Scene</Filter>
    </ClCompile>
    <ClCompile Include="Item.cpp">
      <Filter>Object\GameObject</Filter>
    </ClCompile>
    <ClCompile Include="CharaSelectScene.cpp">
      <Filter>Scene</Filter>
    </ClCompile>
    <ClCompile Include="CharaSelect.cpp">
      <Filter>Object\GameObject\SelectScene</Filter>
    </ClCompile>
    <ClCompile Include="CharaRingFrame.cpp">
      <Filter>Object\GameObject\SelectScene</Filter>
    </ClCompile>
    <ClCompile Include="ResultScene.cpp">
      <Filter>Scene</Filter>
    </ClCompile>
    <ClCompile Include="SelectCamera.cpp">
      <Filter>Object\GameObject\SelectScene</Filter>
    </ClCompile>
    <ClCompile Include="ShowModel.cpp">
      <Filter>Object\GameObject\SelectScene</Filter>
    </ClCompile>
    <ClCompile Include="Character.cpp">
      <Filter>Object\GameObject</Filter>
    </ClCompile>
    <ClCompile Include="GameShadowCamera.cpp">
      <Filter>Object\GameObject</Filter>
    </ClCompile>
    <ClCompile Include="Sky.cpp">
      <Filter>Object\GameObject</Filter>
    </ClCompile>
    <ClCompile Include="GameRule.cpp">
      <Filter>Object\GameObject</Filter>
    </ClCompile>
    <ClCompile Include="Player.cpp">
      <Filter>Object\GameObject\Player</Filter>
    </ClCompile>
    <ClCompile Include="PlayerParameter.cpp">
      <Filter>Object\GameObject\Player</Filter>
    </ClCompile>
    <ClCompile Include="ItemEmitter.cpp">
      <Filter>Object\GameObject</Filter>
    </ClCompile>
  </ItemGroup>
</Project>